// !$*UTF8*$!
{
	archiveVersion = 1;
	classes = {
	};
	objectVersion = 51;
	objects = {

/* Begin PBXBuildFile section */
		1DBC9169250C687500DCACD3 /* SearchViewController.swift in Sources */ = {isa = PBXBuildFile; fileRef = 1DBC9168250C687500DCACD3 /* SearchViewController.swift */; };
		1DBC916D250C6A4700DCACD3 /* Localizable.strings in Resources */ = {isa = PBXBuildFile; fileRef = 1DBC916C250C6A4700DCACD3 /* Localizable.strings */; };
		1DBC9170250C6A6C00DCACD3 /* StringExtension.swift in Sources */ = {isa = PBXBuildFile; fileRef = 1DBC916F250C6A6C00DCACD3 /* StringExtension.swift */; };
		1DBC9172250C6C7200DCACD3 /* UITableViewExtension.swift in Sources */ = {isa = PBXBuildFile; fileRef = 1DBC9171250C6C7200DCACD3 /* UITableViewExtension.swift */; };
		1DBC9177250CD30900DCACD3 /* SearchResult.swift in Sources */ = {isa = PBXBuildFile; fileRef = 1DBC9176250CD30900DCACD3 /* SearchResult.swift */; };
		1DBC9179250CE15200DCACD3 /* DetailViewController.swift in Sources */ = {isa = PBXBuildFile; fileRef = 1DBC9178250CE15200DCACD3 /* DetailViewController.swift */; };
		1DBC917B250CE2E400DCACD3 /* UIAlertControllerExtension.swift in Sources */ = {isa = PBXBuildFile; fileRef = 1DBC917A250CE2E400DCACD3 /* UIAlertControllerExtension.swift */; };
		1DBC9184250F042900DCACD3 /* SearchView.swift in Sources */ = {isa = PBXBuildFile; fileRef = 1DBC9183250F042900DCACD3 /* SearchView.swift */; };
		1DBC9186250F4F6F00DCACD3 /* SearchViewModel.swift in Sources */ = {isa = PBXBuildFile; fileRef = 1DBC9185250F4F6F00DCACD3 /* SearchViewModel.swift */; };
		1DC6BF5D250C611900E1BAAC /* AppDelegate.swift in Sources */ = {isa = PBXBuildFile; fileRef = 1DC6BF5C250C611900E1BAAC /* AppDelegate.swift */; };
		1DC6BF62250C611900E1BAAC /* Main.storyboard in Resources */ = {isa = PBXBuildFile; fileRef = 1DC6BF60250C611900E1BAAC /* Main.storyboard */; };
		1DC6BF64250C611B00E1BAAC /* Assets.xcassets in Resources */ = {isa = PBXBuildFile; fileRef = 1DC6BF63250C611B00E1BAAC /* Assets.xcassets */; };
		1DC6BF67250C611B00E1BAAC /* LaunchScreen.storyboard in Resources */ = {isa = PBXBuildFile; fileRef = 1DC6BF65250C611B00E1BAAC /* LaunchScreen.storyboard */; };
		8F5DC372D5F0905385131A64 /* Pods_GitHubSearchAPIApp.framework in Frameworks */ = {isa = PBXBuildFile; fileRef = 30C812241116CD0031D6454F /* Pods_GitHubSearchAPIApp.framework */; };
/* End PBXBuildFile section */

/* Begin PBXFileReference section */
		165A4630A9C34497BE6CA059 /* Pods-GitHubSearchAPIApp.release.xcconfig */ = {isa = PBXFileReference; includeInIndex = 1; lastKnownFileType = text.xcconfig; name = "Pods-GitHubSearchAPIApp.release.xcconfig"; path = "Target Support Files/Pods-GitHubSearchAPIApp/Pods-GitHubSearchAPIApp.release.xcconfig"; sourceTree = "<group>"; };
		1DBC9168250C687500DCACD3 /* SearchViewController.swift */ = {isa = PBXFileReference; lastKnownFileType = sourcecode.swift; path = SearchViewController.swift; sourceTree = "<group>"; };
		1DBC916C250C6A4700DCACD3 /* Localizable.strings */ = {isa = PBXFileReference; lastKnownFileType = text.plist.strings; path = Localizable.strings; sourceTree = "<group>"; };
		1DBC916F250C6A6C00DCACD3 /* StringExtension.swift */ = {isa = PBXFileReference; lastKnownFileType = sourcecode.swift; path = StringExtension.swift; sourceTree = "<group>"; };
		1DBC9171250C6C7200DCACD3 /* UITableViewExtension.swift */ = {isa = PBXFileReference; lastKnownFileType = sourcecode.swift; path = UITableViewExtension.swift; sourceTree = "<group>"; };
		1DBC9176250CD30900DCACD3 /* SearchResult.swift */ = {isa = PBXFileReference; lastKnownFileType = sourcecode.swift; path = SearchResult.swift; sourceTree = "<group>"; };
		1DBC9178250CE15200DCACD3 /* DetailViewController.swift */ = {isa = PBXFileReference; lastKnownFileType = sourcecode.swift; path = DetailViewController.swift; sourceTree = "<group>"; };
		1DBC917A250CE2E400DCACD3 /* UIAlertControllerExtension.swift */ = {isa = PBXFileReference; lastKnownFileType = sourcecode.swift; path = UIAlertControllerExtension.swift; sourceTree = "<group>"; };
		1DBC9183250F042900DCACD3 /* SearchView.swift */ = {isa = PBXFileReference; lastKnownFileType = sourcecode.swift; path = SearchView.swift; sourceTree = "<group>"; };
		1DBC9185250F4F6F00DCACD3 /* SearchViewModel.swift */ = {isa = PBXFileReference; lastKnownFileType = sourcecode.swift; path = SearchViewModel.swift; sourceTree = "<group>"; };
		1DC6BF59250C611900E1BAAC /* GitHubSearchAPIApp.app */ = {isa = PBXFileReference; explicitFileType = wrapper.application; includeInIndex = 0; path = GitHubSearchAPIApp.app; sourceTree = BUILT_PRODUCTS_DIR; };
		1DC6BF5C250C611900E1BAAC /* AppDelegate.swift */ = {isa = PBXFileReference; lastKnownFileType = sourcecode.swift; path = AppDelegate.swift; sourceTree = "<group>"; };
		1DC6BF61250C611900E1BAAC /* Base */ = {isa = PBXFileReference; lastKnownFileType = file.storyboard; name = Base; path = Base.lproj/Main.storyboard; sourceTree = "<group>"; };
		1DC6BF63250C611B00E1BAAC /* Assets.xcassets */ = {isa = PBXFileReference; lastKnownFileType = folder.assetcatalog; path = Assets.xcassets; sourceTree = "<group>"; };
		1DC6BF66250C611B00E1BAAC /* Base */ = {isa = PBXFileReference; lastKnownFileType = file.storyboard; name = Base; path = Base.lproj/LaunchScreen.storyboard; sourceTree = "<group>"; };
		1DC6BF68250C611B00E1BAAC /* Info.plist */ = {isa = PBXFileReference; lastKnownFileType = text.plist.xml; path = Info.plist; sourceTree = "<group>"; };
		30C812241116CD0031D6454F /* Pods_GitHubSearchAPIApp.framework */ = {isa = PBXFileReference; explicitFileType = wrapper.framework; includeInIndex = 0; path = Pods_GitHubSearchAPIApp.framework; sourceTree = BUILT_PRODUCTS_DIR; };
		AF1342650E1761007E155DFC /* Pods-GitHubSearchAPIApp.debug.xcconfig */ = {isa = PBXFileReference; includeInIndex = 1; lastKnownFileType = text.xcconfig; name = "Pods-GitHubSearchAPIApp.debug.xcconfig"; path = "Target Support Files/Pods-GitHubSearchAPIApp/Pods-GitHubSearchAPIApp.debug.xcconfig"; sourceTree = "<group>"; };
/* End PBXFileReference section */

/* Begin PBXFrameworksBuildPhase section */
		1DC6BF56250C611900E1BAAC /* Frameworks */ = {
			isa = PBXFrameworksBuildPhase;
			buildActionMask = 2147483647;
			files = (
				8F5DC372D5F0905385131A64 /* Pods_GitHubSearchAPIApp.framework in Frameworks */,
			);
			runOnlyForDeploymentPostprocessing = 0;
		};
/* End PBXFrameworksBuildPhase section */

/* Begin PBXGroup section */
		1DBC916E250C6A5B00DCACD3 /* Extensions */ = {
			isa = PBXGroup;
			children = (
				1DBC916F250C6A6C00DCACD3 /* StringExtension.swift */,
				1DBC9171250C6C7200DCACD3 /* UITableViewExtension.swift */,
				1DBC917A250CE2E400DCACD3 /* UIAlertControllerExtension.swift */,
			);
			path = Extensions;
			sourceTree = "<group>";
		};
		1DBC9175250CD2DD00DCACD3 /* Model */ = {
			isa = PBXGroup;
			children = (
				1DBC9176250CD30900DCACD3 /* SearchResult.swift */,
				1DBC9185250F4F6F00DCACD3 /* SearchViewModel.swift */,
			);
			path = Model;
			sourceTree = "<group>";
		};
		1DBC9181250E149B00DCACD3 /* View */ = {
			isa = PBXGroup;
			children = (
				1DBC9183250F042900DCACD3 /* SearchView.swift */,
			);
			path = View;
			sourceTree = "<group>";
		};
		1DBC9182250F041700DCACD3 /* Controller */ = {
			isa = PBXGroup;
			children = (
				1DBC9168250C687500DCACD3 /* SearchViewController.swift */,
				1DBC9178250CE15200DCACD3 /* DetailViewController.swift */,
			);
			path = Controller;
			sourceTree = "<group>";
		};
		1DC6BF50250C611900E1BAAC = {
			isa = PBXGroup;
			children = (
				1DC6BF5B250C611900E1BAAC /* GitHubSearchAPIApp */,
				1DC6BF5A250C611900E1BAAC /* Products */,
				3B9C52DD3B8D83B93233EDC2 /* Pods */,
				CCDA11849B81017804B56427 /* Frameworks */,
			);
			sourceTree = "<group>";
		};
		1DC6BF5A250C611900E1BAAC /* Products */ = {
			isa = PBXGroup;
			children = (
				1DC6BF59250C611900E1BAAC /* GitHubSearchAPIApp.app */,
			);
			name = Products;
			sourceTree = "<group>";
		};
		1DC6BF5B250C611900E1BAAC /* GitHubSearchAPIApp */ = {
			isa = PBXGroup;
			children = (
				1DBC9182250F041700DCACD3 /* Controller */,
				1DBC9181250E149B00DCACD3 /* View */,
				1DBC9175250CD2DD00DCACD3 /* Model */,
				1DBC916E250C6A5B00DCACD3 /* Extensions */,
				1DC6BF5C250C611900E1BAAC /* AppDelegate.swift */,
				1DC6BF60250C611900E1BAAC /* Main.storyboard */,
				1DC6BF63250C611B00E1BAAC /* Assets.xcassets */,
				1DC6BF65250C611B00E1BAAC /* LaunchScreen.storyboard */,
				1DC6BF68250C611B00E1BAAC /* Info.plist */,
				1DBC916C250C6A4700DCACD3 /* Localizable.strings */,
			);
			path = GitHubSearchAPIApp;
			sourceTree = "<group>";
		};
		3B9C52DD3B8D83B93233EDC2 /* Pods */ = {
			isa = PBXGroup;
			children = (
				AF1342650E1761007E155DFC /* Pods-GitHubSearchAPIApp.debug.xcconfig */,
				165A4630A9C34497BE6CA059 /* Pods-GitHubSearchAPIApp.release.xcconfig */,
			);
			path = Pods;
			sourceTree = "<group>";
		};
		CCDA11849B81017804B56427 /* Frameworks */ = {
			isa = PBXGroup;
			children = (
				30C812241116CD0031D6454F /* Pods_GitHubSearchAPIApp.framework */,
			);
			name = Frameworks;
			sourceTree = "<group>";
		};
/* End PBXGroup section */

/* Begin PBXNativeTarget section */
		1DC6BF58250C611900E1BAAC /* GitHubSearchAPIApp */ = {
			isa = PBXNativeTarget;
			buildConfigurationList = 1DC6BF6B250C611B00E1BAAC /* Build configuration list for PBXNativeTarget "GitHubSearchAPIApp" */;
			buildPhases = (
				37A6438C25F5255E11E15188 /* [CP] Check Pods Manifest.lock */,
				1DC6BF55250C611900E1BAAC /* Sources */,
				1DC6BF56250C611900E1BAAC /* Frameworks */,
				1DC6BF57250C611900E1BAAC /* Resources */,
				45EA859F1BCFB87F9E1D18D0 /* [CP] Embed Pods Frameworks */,
			);
			buildRules = (
			);
			dependencies = (
			);
			name = GitHubSearchAPIApp;
			productName = GitHubSearchAPIApp;
			productReference = 1DC6BF59250C611900E1BAAC /* GitHubSearchAPIApp.app */;
			productType = "com.apple.product-type.application";
		};
/* End PBXNativeTarget section */

/* Begin PBXProject section */
		1DC6BF51250C611900E1BAAC /* Project object */ = {
			isa = PBXProject;
			attributes = {
				LastSwiftUpdateCheck = 1030;
				LastUpgradeCheck = 1030;
				ORGANIZATIONNAME = none;
				TargetAttributes = {
					1DC6BF58250C611900E1BAAC = {
						CreatedOnToolsVersion = 10.3;
					};
				};
			};
			buildConfigurationList = 1DC6BF54250C611900E1BAAC /* Build configuration list for PBXProject "GitHubSearchAPIApp" */;
			compatibilityVersion = "Xcode 9.3";
			developmentRegion = en;
			hasScannedForEncodings = 0;
			knownRegions = (
				en,
				Base,
			);
			mainGroup = 1DC6BF50250C611900E1BAAC;
			productRefGroup = 1DC6BF5A250C611900E1BAAC /* Products */;
			projectDirPath = "";
			projectRoot = "";
			targets = (
				1DC6BF58250C611900E1BAAC /* GitHubSearchAPIApp */,
			);
		};
/* End PBXProject section */

/* Begin PBXResourcesBuildPhase section */
		1DC6BF57250C611900E1BAAC /* Resources */ = {
			isa = PBXResourcesBuildPhase;
			buildActionMask = 2147483647;
			files = (
				1DC6BF67250C611B00E1BAAC /* LaunchScreen.storyboard in Resources */,
				1DBC916D250C6A4700DCACD3 /* Localizable.strings in Resources */,
				1DC6BF64250C611B00E1BAAC /* Assets.xcassets in Resources */,
				1DC6BF62250C611900E1BAAC /* Main.storyboard in Resources */,
			);
			runOnlyForDeploymentPostprocessing = 0;
		};
/* End PBXResourcesBuildPhase section */

/* Begin PBXShellScriptBuildPhase section */
		37A6438C25F5255E11E15188 /* [CP] Check Pods Manifest.lock */ = {
			isa = PBXShellScriptBuildPhase;
			buildActionMask = 2147483647;
			files = (
			);
			inputFileListPaths = (
			);
			inputPaths = (
				"${PODS_PODFILE_DIR_PATH}/Podfile.lock",
				"${PODS_ROOT}/Manifest.lock",
			);
			name = "[CP] Check Pods Manifest.lock";
			outputFileListPaths = (
			);
			outputPaths = (
				"$(DERIVED_FILE_DIR)/Pods-GitHubSearchAPIApp-checkManifestLockResult.txt",
			);
			runOnlyForDeploymentPostprocessing = 0;
			shellPath = /bin/sh;
			shellScript = "diff \"${PODS_PODFILE_DIR_PATH}/Podfile.lock\" \"${PODS_ROOT}/Manifest.lock\" > /dev/null\nif [ $? != 0 ] ; then\n    # print error to STDERR\n    echo \"error: The sandbox is not in sync with the Podfile.lock. Run 'pod install' or update your CocoaPods installation.\" >&2\n    exit 1\nfi\n# This output is used by Xcode 'outputs' to avoid re-running this script phase.\necho \"SUCCESS\" > \"${SCRIPT_OUTPUT_FILE_0}\"\n";
			showEnvVarsInLog = 0;
		};
		45EA859F1BCFB87F9E1D18D0 /* [CP] Embed Pods Frameworks */ = {
			isa = PBXShellScriptBuildPhase;
			buildActionMask = 2147483647;
			files = (
			);
			inputFileListPaths = (
				"${PODS_ROOT}/Target Support Files/Pods-GitHubSearchAPIApp/Pods-GitHubSearchAPIApp-frameworks-${CONFIGURATION}-input-files.xcfilelist",
			);
			name = "[CP] Embed Pods Frameworks";
			outputFileListPaths = (
				"${PODS_ROOT}/Target Support Files/Pods-GitHubSearchAPIApp/Pods-GitHubSearchAPIApp-frameworks-${CONFIGURATION}-output-files.xcfilelist",
			);
			runOnlyForDeploymentPostprocessing = 0;
			shellPath = /bin/sh;
			shellScript = "\"${PODS_ROOT}/Target Support Files/Pods-GitHubSearchAPIApp/Pods-GitHubSearchAPIApp-frameworks.sh\"\n";
			showEnvVarsInLog = 0;
		};
/* End PBXShellScriptBuildPhase section */

/* Begin PBXSourcesBuildPhase section */
		1DC6BF55250C611900E1BAAC /* Sources */ = {
			isa = PBXSourcesBuildPhase;
			buildActionMask = 2147483647;
			files = (
				1DBC9169250C687500DCACD3 /* SearchViewController.swift in Sources */,
				1DBC9177250CD30900DCACD3 /* SearchResult.swift in Sources */,
				1DBC9170250C6A6C00DCACD3 /* StringExtension.swift in Sources */,
				1DBC9172250C6C7200DCACD3 /* UITableViewExtension.swift in Sources */,
				1DBC9184250F042900DCACD3 /* SearchView.swift in Sources */,
				1DBC917B250CE2E400DCACD3 /* UIAlertControllerExtension.swift in Sources */,
				1DBC9186250F4F6F00DCACD3 /* SearchViewModel.swift in Sources */,
				1DC6BF5D250C611900E1BAAC /* AppDelegate.swift in Sources */,
				1DBC9179250CE15200DCACD3 /* DetailViewController.swift in Sources */,
			);
			runOnlyForDeploymentPostprocessing = 0;
		};
/* End PBXSourcesBuildPhase section */

/* Begin PBXVariantGroup section */
		1DC6BF60250C611900E1BAAC /* Main.storyboard */ = {
			isa = PBXVariantGroup;
			children = (
				1DC6BF61250C611900E1BAAC /* Base */,
			);
			name = Main.storyboard;
			sourceTree = "<group>";
		};
		1DC6BF65250C611B00E1BAAC /* LaunchScreen.storyboard */ = {
			isa = PBXVariantGroup;
			children = (
				1DC6BF66250C611B00E1BAAC /* Base */,
			);
			name = LaunchScreen.storyboard;
			sourceTree = "<group>";
		};
/* End PBXVariantGroup section */

/* Begin XCBuildConfiguration section */
		1DC6BF69250C611B00E1BAAC /* Debug */ = {
			isa = XCBuildConfiguration;
			buildSettings = {
				ALWAYS_SEARCH_USER_PATHS = NO;
				CLANG_ANALYZER_NONNULL = YES;
				CLANG_ANALYZER_NUMBER_OBJECT_CONVERSION = YES_AGGRESSIVE;
				CLANG_CXX_LANGUAGE_STANDARD = "gnu++14";
				CLANG_CXX_LIBRARY = "libc++";
				CLANG_ENABLE_MODULES = YES;
				CLANG_ENABLE_OBJC_ARC = YES;
				CLANG_ENABLE_OBJC_WEAK = YES;
				CLANG_WARN_BLOCK_CAPTURE_AUTORELEASING = YES;
				CLANG_WARN_BOOL_CONVERSION = YES;
				CLANG_WARN_COMMA = YES;
				CLANG_WARN_CONSTANT_CONVERSION = YES;
				CLANG_WARN_DEPRECATED_OBJC_IMPLEMENTATIONS = YES;
				CLANG_WARN_DIRECT_OBJC_ISA_USAGE = YES_ERROR;
				CLANG_WARN_DOCUMENTATION_COMMENTS = YES;
				CLANG_WARN_EMPTY_BODY = YES;
				CLANG_WARN_ENUM_CONVERSION = YES;
				CLANG_WARN_INFINITE_RECURSION = YES;
				CLANG_WARN_INT_CONVERSION = YES;
				CLANG_WARN_NON_LITERAL_NULL_CONVERSION = YES;
				CLANG_WARN_OBJC_IMPLICIT_RETAIN_SELF = YES;
				CLANG_WARN_OBJC_LITERAL_CONVERSION = YES;
				CLANG_WARN_OBJC_ROOT_CLASS = YES_ERROR;
				CLANG_WARN_RANGE_LOOP_ANALYSIS = YES;
				CLANG_WARN_STRICT_PROTOTYPES = YES;
				CLANG_WARN_SUSPICIOUS_MOVE = YES;
				CLANG_WARN_UNGUARDED_AVAILABILITY = YES_AGGRESSIVE;
				CLANG_WARN_UNREACHABLE_CODE = YES;
				CLANG_WARN__DUPLICATE_METHOD_MATCH = YES;
				CODE_SIGN_IDENTITY = "iPhone Developer";
				COPY_PHASE_STRIP = NO;
				DEBUG_INFORMATION_FORMAT = dwarf;
				ENABLE_STRICT_OBJC_MSGSEND = YES;
				ENABLE_TESTABILITY = YES;
				GCC_C_LANGUAGE_STANDARD = gnu11;
				GCC_DYNAMIC_NO_PIC = NO;
				GCC_NO_COMMON_BLOCKS = YES;
				GCC_OPTIMIZATION_LEVEL = 0;
				GCC_PREPROCESSOR_DEFINITIONS = (
					"DEBUG=1",
					"$(inherited)",
				);
				GCC_WARN_64_TO_32_BIT_CONVERSION = YES;
				GCC_WARN_ABOUT_RETURN_TYPE = YES_ERROR;
				GCC_WARN_UNDECLARED_SELECTOR = YES;
				GCC_WARN_UNINITIALIZED_AUTOS = YES_AGGRESSIVE;
				GCC_WARN_UNUSED_FUNCTION = YES;
				GCC_WARN_UNUSED_VARIABLE = YES;
				IPHONEOS_DEPLOYMENT_TARGET = 11.0;
				MTL_ENABLE_DEBUG_INFO = INCLUDE_SOURCE;
				MTL_FAST_MATH = YES;
				ONLY_ACTIVE_ARCH = YES;
				SDKROOT = iphoneos;
				SWIFT_ACTIVE_COMPILATION_CONDITIONS = DEBUG;
				SWIFT_OPTIMIZATION_LEVEL = "-Onone";
			};
			name = Debug;
		};
		1DC6BF6A250C611B00E1BAAC /* Release */ = {
			isa = XCBuildConfiguration;
			buildSettings = {
				ALWAYS_SEARCH_USER_PATHS = NO;
				CLANG_ANALYZER_NONNULL = YES;
				CLANG_ANALYZER_NUMBER_OBJECT_CONVERSION = YES_AGGRESSIVE;
				CLANG_CXX_LANGUAGE_STANDARD = "gnu++14";
				CLANG_CXX_LIBRARY = "libc++";
				CLANG_ENABLE_MODULES = YES;
				CLANG_ENABLE_OBJC_ARC = YES;
				CLANG_ENABLE_OBJC_WEAK = YES;
				CLANG_WARN_BLOCK_CAPTURE_AUTORELEASING = YES;
				CLANG_WARN_BOOL_CONVERSION = YES;
				CLANG_WARN_COMMA = YES;
				CLANG_WARN_CONSTANT_CONVERSION = YES;
				CLANG_WARN_DEPRECATED_OBJC_IMPLEMENTATIONS = YES;
				CLANG_WARN_DIRECT_OBJC_ISA_USAGE = YES_ERROR;
				CLANG_WARN_DOCUMENTATION_COMMENTS = YES;
				CLANG_WARN_EMPTY_BODY = YES;
				CLANG_WARN_ENUM_CONVERSION = YES;
				CLANG_WARN_INFINITE_RECURSION = YES;
				CLANG_WARN_INT_CONVERSION = YES;
				CLANG_WARN_NON_LITERAL_NULL_CONVERSION = YES;
				CLANG_WARN_OBJC_IMPLICIT_RETAIN_SELF = YES;
				CLANG_WARN_OBJC_LITERAL_CONVERSION = YES;
				CLANG_WARN_OBJC_ROOT_CLASS = YES_ERROR;
				CLANG_WARN_RANGE_LOOP_ANALYSIS = YES;
				CLANG_WARN_STRICT_PROTOTYPES = YES;
				CLANG_WARN_SUSPICIOUS_MOVE = YES;
				CLANG_WARN_UNGUARDED_AVAILABILITY = YES_AGGRESSIVE;
				CLANG_WARN_UNREACHABLE_CODE = YES;
				CLANG_WARN__DUPLICATE_METHOD_MATCH = YES;
				CODE_SIGN_IDENTITY = "iPhone Developer";
				COPY_PHASE_STRIP = NO;
				DEBUG_INFORMATION_FORMAT = "dwarf-with-dsym";
				ENABLE_NS_ASSERTIONS = NO;
				ENABLE_STRICT_OBJC_MSGSEND = YES;
				GCC_C_LANGUAGE_STANDARD = gnu11;
				GCC_NO_COMMON_BLOCKS = YES;
				GCC_WARN_64_TO_32_BIT_CONVERSION = YES;
				GCC_WARN_ABOUT_RETURN_TYPE = YES_ERROR;
				GCC_WARN_UNDECLARED_SELECTOR = YES;
				GCC_WARN_UNINITIALIZED_AUTOS = YES_AGGRESSIVE;
				GCC_WARN_UNUSED_FUNCTION = YES;
				GCC_WARN_UNUSED_VARIABLE = YES;
				IPHONEOS_DEPLOYMENT_TARGET = 11.0;
				MTL_ENABLE_DEBUG_INFO = NO;
				MTL_FAST_MATH = YES;
				SDKROOT = iphoneos;
				SWIFT_COMPILATION_MODE = wholemodule;
				SWIFT_OPTIMIZATION_LEVEL = "-O";
				VALIDATE_PRODUCT = YES;
			};
			name = Release;
		};
		1DC6BF6C250C611B00E1BAAC /* Debug */ = {
			isa = XCBuildConfiguration;
			baseConfigurationReference = AF1342650E1761007E155DFC /* Pods-GitHubSearchAPIApp.debug.xcconfig */;
			buildSettings = {
				ASSETCATALOG_COMPILER_APPICON_NAME = AppIcon;
				CODE_SIGN_STYLE = Automatic;
				INFOPLIST_FILE = GitHubSearchAPIApp/Info.plist;
				IPHONEOS_DEPLOYMENT_TARGET = 11.0;
				LD_RUNPATH_SEARCH_PATHS = (
					"$(inherited)",
					"@executable_path/Frameworks",
				);
				PRODUCT_BUNDLE_IDENTIFIER = com.example.GitHubSearchAPIApp;
				PRODUCT_NAME = "$(TARGET_NAME)";
				SWIFT_VERSION = 5.0;
				TARGETED_DEVICE_FAMILY = 1;
			};
			name = Debug;
		};
		1DC6BF6D250C611B00E1BAAC /* Release */ = {
			isa = XCBuildConfiguration;
			baseConfigurationReference = 165A4630A9C34497BE6CA059 /* Pods-GitHubSearchAPIApp.release.xcconfig */;
			buildSettings = {
				ASSETCATALOG_COMPILER_APPICON_NAME = AppIcon;
				CODE_SIGN_STYLE = Automatic;
				INFOPLIST_FILE = GitHubSearchAPIApp/Info.plist;
				IPHONEOS_DEPLOYMENT_TARGET = 11.0;
				LD_RUNPATH_SEARCH_PATHS = (
					"$(inherited)",
					"@executable_path/Frameworks",
				);
				PRODUCT_BUNDLE_IDENTIFIER = com.example.GitHubSearchAPIApp;
				PRODUCT_NAME = "$(TARGET_NAME)";
				SWIFT_VERSION = 5.0;
				TARGETED_DEVICE_FAMILY = 1;
			};
			name = Release;
		};
/* End XCBuildConfiguration section */

/* Begin XCConfigurationList section */
		1DC6BF54250C611900E1BAAC /* Build configuration list for PBXProject "GitHubSearchAPIApp" */ = {
			isa = XCConfigurationList;
			buildConfigurations = (
				1DC6BF69250C611B00E1BAAC /* Debug */,
				1DC6BF6A250C611B00E1BAAC /* Release */,
			);
			defaultConfigurationIsVisible = 0;
			defaultConfigurationName = Release;
		};
		1DC6BF6B250C611B00E1BAAC /* Build configuration list for PBXNativeTarget "GitHubSearchAPIApp" */ = {
			isa = XCConfigurationList;
			buildConfigurations = (
				1DC6BF6C250C611B00E1BAAC /* Debug */,
				1DC6BF6D250C611B00E1BAAC /* Release */,
			);
			defaultConfigurationIsVisible = 0;
			defaultConfigurationName = Release;
		};
/* End XCConfigurationList section */
	};
	rootObject = 1DC6BF51250C611900E1BAAC /* Project object */;
}
